{
  "name": "example-app",
  "version": "1.0.0",
  "lockfileVersion": 3,
  "requires": true,
  "packages": {
    "": {
      "name": "example-app",
      "version": "1.0.0",
      "license": "ISC",
      "dependencies": {
        "node-redis": "^0.1.7"
      }
    },
    "node_modules/node-redis": {
      "version": "0.1.7",
      "resolved": "https://registry.npmjs.org/node-redis/-/node-redis-0.1.7.tgz",
      "integrity": "sha512-OVxT8FuV3h+3XSEqtA1PKQkvDJ231R7GbgByj/DHzLhG2h2oQx7FjQFcDVy7JlVnecTJtVv7TTWrv3845DytWw==",
      "deprecated": "Package no longer supported. Contact Support at https://www.npmjs.com/support for more info."
    }
  }
}
